
Microsoft Visual Studio Solution File, Format Version 12.00
# Visual Studio 15
VisualStudioVersion = 15.0.26124.0
MinimumVisualStudioVersion = 15.0.26124.0
Project("{2150E333-8FDC-42A3-9474-1A3956D46DE8}") = "Testing", "Testing", "{17F32F73-6422-462F-99C9-E5E5863E78D8}"
EndProject
Project("{FAE04EC0-301F-11D3-BF4B-00C04F79EFBC}") = "Testing.Apps.Android", "Testing.Apps\Testing.Apps.Android\Testing.Apps.Android.csproj", "{3A277533-AB02-4F40-B455-1F9586A90FAD}"
EndProject
Project("{9A19103F-16F7-4668-BE54-9A1E7A4F7556}") = "Testing.App.Business", "Testing.App.Business\Testing.App.Business.csproj", "{4CE2C5F9-30AF-48EA-A611-18EFDAE8C14E}"
EndProject
Project("{9A19103F-16F7-4668-BE54-9A1E7A4F7556}") = "Testing.App.Connections", "Testing.App.Connections\Testing.App.Connections.csproj", "{9E9B24F1-39EA-41A6-A8AA-371D403067CD}"
EndProject
Project("{9A19103F-16F7-4668-BE54-9A1E7A4F7556}") = "Testing.App.DataAccess", "Testing.App.DataAccess\Testing.App.DataAccess.csproj", "{2F18FC0C-F637-470F-A8AB-E98E99204853}"
EndProject
Project("{9A19103F-16F7-4668-BE54-9A1E7A4F7556}") = "Testing.App.Services", "Testing.App.Services\Testing.App.Services.csproj", "{CD57D335-939B-4810-B791-118B99D83347}"
EndProject
Project("{9A19103F-16F7-4668-BE54-9A1E7A4F7556}") = "Testing.Core", "Testing.Core\Testing.Core.csproj", "{2EA529C7-5F20-409B-A506-67FBF13C2049}"
EndProject
Project("{9A19103F-16F7-4668-BE54-9A1E7A4F7556}") = "Testing.WebAPI", "Testing.WebAPI\Testing.WebAPI.csproj", "{987D1551-4CA0-4024-BB8D-D07B03562493}"
EndProject
Project("{9A19103F-16F7-4668-BE54-9A1E7A4F7556}") = "Apps.Unified", "Apps.Unified\Apps.Unified.csproj", "{E6B22265-30E4-4275-8B21-599A15DF0FAF}"
EndProject
Project("{2150E333-8FDC-42A3-9474-1A3956D46DE8}") = "Nuget", "Nuget", "{E3A167D6-5BC3-4C57-AF4D-8A29F31A9C25}"
EndProject
Project("{2150E333-8FDC-42A3-9474-1A3956D46DE8}") = "Apps", "Apps", "{08AE4E7C-EFB1-4B22-8245-31BED846B82A}"
EndProject
Project("{9A19103F-16F7-4668-BE54-9A1E7A4F7556}") = "Xamarin.Forms.MVC", "Xamarin.Forms.MVC\Xamarin.Forms.MVC.csproj", "{1A577C8C-6F67-4E1E-8FAF-482BCA7FD187}"
EndProject
Project("{9A19103F-16F7-4668-BE54-9A1E7A4F7556}") = "Xamarin.Forms.DependencyInjection", "..\Apps.DependencyInjection\Xamarin.Forms.DependencyInjection\Xamarin.Forms.DependencyInjection.csproj", "{310AD14B-494A-4F5F-9342-D10FC8C0B3D8}"
EndProject
Project("{2150E333-8FDC-42A3-9474-1A3956D46DE8}") = "External Nuget", "External Nuget", "{7188F926-C6E4-422C-BA10-80D8FF9C30C4}"
EndProject
Project("{9A19103F-16F7-4668-BE54-9A1E7A4F7556}") = "Testing.Apps", "Testing.Apps\Testing.Apps\Testing.Apps.csproj", "{F81F59CF-098C-4B9F-9A28-267900F06C0B}"
EndProject
Project("{FAE04EC0-301F-11D3-BF4B-00C04F79EFBC}") = "Testing.Apps.UWP", "Testing.Apps\Testing.Apps.UWP\Testing.Apps.UWP.csproj", "{CBA3473D-8284-4E65-85F7-EE86C454BDB2}"
EndProject
Project("{9A19103F-16F7-4668-BE54-9A1E7A4F7556}") = "Apps.DependencyInjection", "..\Apps.DependencyInjection\Apps.DependencyInjection\Apps.DependencyInjection.csproj", "{54BA3A95-9DB0-47DD-A77B-31EE230FBDE2}"
EndProject
Global
	GlobalSection(SolutionConfigurationPlatforms) = preSolution
		Ad-Hoc|Any CPU = Ad-Hoc|Any CPU
		Ad-Hoc|ARM = Ad-Hoc|ARM
		Ad-Hoc|iPhone = Ad-Hoc|iPhone
		Ad-Hoc|iPhoneSimulator = Ad-Hoc|iPhoneSimulator
		Ad-Hoc|x64 = Ad-Hoc|x64
		Ad-Hoc|x86 = Ad-Hoc|x86
		AppStore|Any CPU = AppStore|Any CPU
		AppStore|ARM = AppStore|ARM
		AppStore|iPhone = AppStore|iPhone
		AppStore|iPhoneSimulator = AppStore|iPhoneSimulator
		AppStore|x64 = AppStore|x64
		AppStore|x86 = AppStore|x86
		Debug|Any CPU = Debug|Any CPU
		Debug|ARM = Debug|ARM
		Debug|iPhone = Debug|iPhone
		Debug|iPhoneSimulator = Debug|iPhoneSimulator
		Debug|x64 = Debug|x64
		Debug|x86 = Debug|x86
		Release|Any CPU = Release|Any CPU
		Release|ARM = Release|ARM
		Release|iPhone = Release|iPhone
		Release|iPhoneSimulator = Release|iPhoneSimulator
		Release|x64 = Release|x64
		Release|x86 = Release|x86
	EndGlobalSection
	GlobalSection(ProjectConfigurationPlatforms) = postSolution
		{3A277533-AB02-4F40-B455-1F9586A90FAD}.Ad-Hoc|Any CPU.ActiveCfg = Release|Any CPU
		{3A277533-AB02-4F40-B455-1F9586A90FAD}.Ad-Hoc|Any CPU.Build.0 = Release|Any CPU
		{3A277533-AB02-4F40-B455-1F9586A90FAD}.Ad-Hoc|Any CPU.Deploy.0 = Release|Any CPU
		{3A277533-AB02-4F40-B455-1F9586A90FAD}.Ad-Hoc|ARM.ActiveCfg = Release|Any CPU
		{3A277533-AB02-4F40-B455-1F9586A90FAD}.Ad-Hoc|ARM.Build.0 = Release|Any CPU
		{3A277533-AB02-4F40-B455-1F9586A90FAD}.Ad-Hoc|ARM.Deploy.0 = Release|Any CPU
		{3A277533-AB02-4F40-B455-1F9586A90FAD}.Ad-Hoc|iPhone.ActiveCfg = Release|Any CPU
		{3A277533-AB02-4F40-B455-1F9586A90FAD}.Ad-Hoc|iPhone.Build.0 = Release|Any CPU
		{3A277533-AB02-4F40-B455-1F9586A90FAD}.Ad-Hoc|iPhone.Deploy.0 = Release|Any CPU
		{3A277533-AB02-4F40-B455-1F9586A90FAD}.Ad-Hoc|iPhoneSimulator.ActiveCfg = Release|Any CPU
		{3A277533-AB02-4F40-B455-1F9586A90FAD}.Ad-Hoc|iPhoneSimulator.Build.0 = Release|Any CPU
		{3A277533-AB02-4F40-B455-1F9586A90FAD}.Ad-Hoc|iPhoneSimulator.Deploy.0 = Release|Any CPU
		{3A277533-AB02-4F40-B455-1F9586A90FAD}.Ad-Hoc|x64.ActiveCfg = Release|Any CPU
		{3A277533-AB02-4F40-B455-1F9586A90FAD}.Ad-Hoc|x64.Build.0 = Release|Any CPU
		{3A277533-AB02-4F40-B455-1F9586A90FAD}.Ad-Hoc|x64.Deploy.0 = Release|Any CPU
		{3A277533-AB02-4F40-B455-1F9586A90FAD}.Ad-Hoc|x86.ActiveCfg = Release|Any CPU
		{3A277533-AB02-4F40-B455-1F9586A90FAD}.Ad-Hoc|x86.Build.0 = Release|Any CPU
		{3A277533-AB02-4F40-B455-1F9586A90FAD}.Ad-Hoc|x86.Deploy.0 = Release|Any CPU
		{3A277533-AB02-4F40-B455-1F9586A90FAD}.AppStore|Any CPU.ActiveCfg = Release|Any CPU
		{3A277533-AB02-4F40-B455-1F9586A90FAD}.AppStore|Any CPU.Build.0 = Release|Any CPU
		{3A277533-AB02-4F40-B455-1F9586A90FAD}.AppStore|Any CPU.Deploy.0 = Release|Any CPU
		{3A277533-AB02-4F40-B455-1F9586A90FAD}.AppStore|ARM.ActiveCfg = Release|Any CPU
		{3A277533-AB02-4F40-B455-1F9586A90FAD}.AppStore|ARM.Build.0 = Release|Any CPU
		{3A277533-AB02-4F40-B455-1F9586A90FAD}.AppStore|ARM.Deploy.0 = Release|Any CPU
		{3A277533-AB02-4F40-B455-1F9586A90FAD}.AppStore|iPhone.ActiveCfg = Release|Any CPU
		{3A277533-AB02-4F40-B455-1F9586A90FAD}.AppStore|iPhone.Build.0 = Release|Any CPU
		{3A277533-AB02-4F40-B455-1F9586A90FAD}.AppStore|iPhone.Deploy.0 = Release|Any CPU
		{3A277533-AB02-4F40-B455-1F9586A90FAD}.AppStore|iPhoneSimulator.ActiveCfg = Release|Any CPU
		{3A277533-AB02-4F40-B455-1F9586A90FAD}.AppStore|iPhoneSimulator.Build.0 = Release|Any CPU
		{3A277533-AB02-4F40-B455-1F9586A90FAD}.AppStore|iPhoneSimulator.Deploy.0 = Release|Any CPU
		{3A277533-AB02-4F40-B455-1F9586A90FAD}.AppStore|x64.ActiveCfg = Release|Any CPU
		{3A277533-AB02-4F40-B455-1F9586A90FAD}.AppStore|x64.Build.0 = Release|Any CPU
		{3A277533-AB02-4F40-B455-1F9586A90FAD}.AppStore|x64.Deploy.0 = Release|Any CPU
		{3A277533-AB02-4F40-B455-1F9586A90FAD}.AppStore|x86.ActiveCfg = Release|Any CPU
		{3A277533-AB02-4F40-B455-1F9586A90FAD}.AppStore|x86.Build.0 = Release|Any CPU
		{3A277533-AB02-4F40-B455-1F9586A90FAD}.AppStore|x86.Deploy.0 = Release|Any CPU
		{3A277533-AB02-4F40-B455-1F9586A90FAD}.Debug|Any CPU.ActiveCfg = Debug|Any CPU
		{3A277533-AB02-4F40-B455-1F9586A90FAD}.Debug|Any CPU.Build.0 = Debug|Any CPU
		{3A277533-AB02-4F40-B455-1F9586A90FAD}.Debug|Any CPU.Deploy.0 = Debug|Any CPU
		{3A277533-AB02-4F40-B455-1F9586A90FAD}.Debug|ARM.ActiveCfg = Debug|Any CPU
		{3A277533-AB02-4F40-B455-1F9586A90FAD}.Debug|ARM.Build.0 = Debug|Any CPU
		{3A277533-AB02-4F40-B455-1F9586A90FAD}.Debug|ARM.Deploy.0 = Debug|Any CPU
		{3A277533-AB02-4F40-B455-1F9586A90FAD}.Debug|iPhone.ActiveCfg = Debug|Any CPU
		{3A277533-AB02-4F40-B455-1F9586A90FAD}.Debug|iPhone.Build.0 = Debug|Any CPU
		{3A277533-AB02-4F40-B455-1F9586A90FAD}.Debug|iPhone.Deploy.0 = Debug|Any CPU
		{3A277533-AB02-4F40-B455-1F9586A90FAD}.Debug|iPhoneSimulator.ActiveCfg = Debug|Any CPU
		{3A277533-AB02-4F40-B455-1F9586A90FAD}.Debug|iPhoneSimulator.Build.0 = Debug|Any CPU
		{3A277533-AB02-4F40-B455-1F9586A90FAD}.Debug|iPhoneSimulator.Deploy.0 = Debug|Any CPU
		{3A277533-AB02-4F40-B455-1F9586A90FAD}.Debug|x64.ActiveCfg = Debug|Any CPU
		{3A277533-AB02-4F40-B455-1F9586A90FAD}.Debug|x64.Build.0 = Debug|Any CPU
		{3A277533-AB02-4F40-B455-1F9586A90FAD}.Debug|x64.Deploy.0 = Debug|Any CPU
		{3A277533-AB02-4F40-B455-1F9586A90FAD}.Debug|x86.ActiveCfg = Debug|Any CPU
		{3A277533-AB02-4F40-B455-1F9586A90FAD}.Debug|x86.Build.0 = Debug|Any CPU
		{3A277533-AB02-4F40-B455-1F9586A90FAD}.Debug|x86.Deploy.0 = Debug|Any CPU
		{3A277533-AB02-4F40-B455-1F9586A90FAD}.Release|Any CPU.ActiveCfg = Release|Any CPU
		{3A277533-AB02-4F40-B455-1F9586A90FAD}.Release|Any CPU.Build.0 = Release|Any CPU
		{3A277533-AB02-4F40-B455-1F9586A90FAD}.Release|Any CPU.Deploy.0 = Release|Any CPU
		{3A277533-AB02-4F40-B455-1F9586A90FAD}.Release|ARM.ActiveCfg = Release|Any CPU
		{3A277533-AB02-4F40-B455-1F9586A90FAD}.Release|ARM.Build.0 = Release|Any CPU
		{3A277533-AB02-4F40-B455-1F9586A90FAD}.Release|ARM.Deploy.0 = Release|Any CPU
		{3A277533-AB02-4F40-B455-1F9586A90FAD}.Release|iPhone.ActiveCfg = Release|Any CPU
		{3A277533-AB02-4F40-B455-1F9586A90FAD}.Release|iPhone.Build.0 = Release|Any CPU
		{3A277533-AB02-4F40-B455-1F9586A90FAD}.Release|iPhone.Deploy.0 = Release|Any CPU
		{3A277533-AB02-4F40-B455-1F9586A90FAD}.Release|iPhoneSimulator.ActiveCfg = Release|Any CPU
		{3A277533-AB02-4F40-B455-1F9586A90FAD}.Release|iPhoneSimulator.Build.0 = Release|Any CPU
		{3A277533-AB02-4F40-B455-1F9586A90FAD}.Release|iPhoneSimulator.Deploy.0 = Release|Any CPU
		{3A277533-AB02-4F40-B455-1F9586A90FAD}.Release|x64.ActiveCfg = Release|Any CPU
		{3A277533-AB02-4F40-B455-1F9586A90FAD}.Release|x64.Build.0 = Release|Any CPU
		{3A277533-AB02-4F40-B455-1F9586A90FAD}.Release|x64.Deploy.0 = Release|Any CPU
		{3A277533-AB02-4F40-B455-1F9586A90FAD}.Release|x86.ActiveCfg = Release|Any CPU
		{3A277533-AB02-4F40-B455-1F9586A90FAD}.Release|x86.Build.0 = Release|Any CPU
		{3A277533-AB02-4F40-B455-1F9586A90FAD}.Release|x86.Deploy.0 = Release|Any CPU
		{4CE2C5F9-30AF-48EA-A611-18EFDAE8C14E}.Ad-Hoc|Any CPU.ActiveCfg = Debug|Any CPU
		{4CE2C5F9-30AF-48EA-A611-18EFDAE8C14E}.Ad-Hoc|Any CPU.Build.0 = Debug|Any CPU
		{4CE2C5F9-30AF-48EA-A611-18EFDAE8C14E}.Ad-Hoc|ARM.ActiveCfg = Debug|Any CPU
		{4CE2C5F9-30AF-48EA-A611-18EFDAE8C14E}.Ad-Hoc|ARM.Build.0 = Debug|Any CPU
		{4CE2C5F9-30AF-48EA-A611-18EFDAE8C14E}.Ad-Hoc|iPhone.ActiveCfg = Debug|Any CPU
		{4CE2C5F9-30AF-48EA-A611-18EFDAE8C14E}.Ad-Hoc|iPhone.Build.0 = Debug|Any CPU
		{4CE2C5F9-30AF-48EA-A611-18EFDAE8C14E}.Ad-Hoc|iPhoneSimulator.ActiveCfg = Debug|Any CPU
		{4CE2C5F9-30AF-48EA-A611-18EFDAE8C14E}.Ad-Hoc|iPhoneSimulator.Build.0 = Debug|Any CPU
		{4CE2C5F9-30AF-48EA-A611-18EFDAE8C14E}.Ad-Hoc|x64.ActiveCfg = Debug|Any CPU
		{4CE2C5F9-30AF-48EA-A611-18EFDAE8C14E}.Ad-Hoc|x64.Build.0 = Debug|Any CPU
		{4CE2C5F9-30AF-48EA-A611-18EFDAE8C14E}.Ad-Hoc|x86.ActiveCfg = Debug|Any CPU
		{4CE2C5F9-30AF-48EA-A611-18EFDAE8C14E}.Ad-Hoc|x86.Build.0 = Debug|Any CPU
		{4CE2C5F9-30AF-48EA-A611-18EFDAE8C14E}.AppStore|Any CPU.ActiveCfg = Debug|Any CPU
		{4CE2C5F9-30AF-48EA-A611-18EFDAE8C14E}.AppStore|Any CPU.Build.0 = Debug|Any CPU
		{4CE2C5F9-30AF-48EA-A611-18EFDAE8C14E}.AppStore|ARM.ActiveCfg = Debug|Any CPU
		{4CE2C5F9-30AF-48EA-A611-18EFDAE8C14E}.AppStore|ARM.Build.0 = Debug|Any CPU
		{4CE2C5F9-30AF-48EA-A611-18EFDAE8C14E}.AppStore|iPhone.ActiveCfg = Debug|Any CPU
		{4CE2C5F9-30AF-48EA-A611-18EFDAE8C14E}.AppStore|iPhone.Build.0 = Debug|Any CPU
		{4CE2C5F9-30AF-48EA-A611-18EFDAE8C14E}.AppStore|iPhoneSimulator.ActiveCfg = Debug|Any CPU
		{4CE2C5F9-30AF-48EA-A611-18EFDAE8C14E}.AppStore|iPhoneSimulator.Build.0 = Debug|Any CPU
		{4CE2C5F9-30AF-48EA-A611-18EFDAE8C14E}.AppStore|x64.ActiveCfg = Debug|Any CPU
		{4CE2C5F9-30AF-48EA-A611-18EFDAE8C14E}.AppStore|x64.Build.0 = Debug|Any CPU
		{4CE2C5F9-30AF-48EA-A611-18EFDAE8C14E}.AppStore|x86.ActiveCfg = Debug|Any CPU
		{4CE2C5F9-30AF-48EA-A611-18EFDAE8C14E}.AppStore|x86.Build.0 = Debug|Any CPU
		{4CE2C5F9-30AF-48EA-A611-18EFDAE8C14E}.Debug|Any CPU.ActiveCfg = Debug|Any CPU
		{4CE2C5F9-30AF-48EA-A611-18EFDAE8C14E}.Debug|Any CPU.Build.0 = Debug|Any CPU
		{4CE2C5F9-30AF-48EA-A611-18EFDAE8C14E}.Debug|ARM.ActiveCfg = Debug|Any CPU
		{4CE2C5F9-30AF-48EA-A611-18EFDAE8C14E}.Debug|ARM.Build.0 = Debug|Any CPU
		{4CE2C5F9-30AF-48EA-A611-18EFDAE8C14E}.Debug|iPhone.ActiveCfg = Debug|Any CPU
		{4CE2C5F9-30AF-48EA-A611-18EFDAE8C14E}.Debug|iPhone.Build.0 = Debug|Any CPU
		{4CE2C5F9-30AF-48EA-A611-18EFDAE8C14E}.Debug|iPhoneSimulator.ActiveCfg = Debug|Any CPU
		{4CE2C5F9-30AF-48EA-A611-18EFDAE8C14E}.Debug|iPhoneSimulator.Build.0 = Debug|Any CPU
		{4CE2C5F9-30AF-48EA-A611-18EFDAE8C14E}.Debug|x64.ActiveCfg = Debug|Any CPU
		{4CE2C5F9-30AF-48EA-A611-18EFDAE8C14E}.Debug|x64.Build.0 = Debug|Any CPU
		{4CE2C5F9-30AF-48EA-A611-18EFDAE8C14E}.Debug|x86.ActiveCfg = Debug|Any CPU
		{4CE2C5F9-30AF-48EA-A611-18EFDAE8C14E}.Debug|x86.Build.0 = Debug|Any CPU
		{4CE2C5F9-30AF-48EA-A611-18EFDAE8C14E}.Release|Any CPU.ActiveCfg = Release|Any CPU
		{4CE2C5F9-30AF-48EA-A611-18EFDAE8C14E}.Release|Any CPU.Build.0 = Release|Any CPU
		{4CE2C5F9-30AF-48EA-A611-18EFDAE8C14E}.Release|ARM.ActiveCfg = Release|Any CPU
		{4CE2C5F9-30AF-48EA-A611-18EFDAE8C14E}.Release|ARM.Build.0 = Release|Any CPU
		{4CE2C5F9-30AF-48EA-A611-18EFDAE8C14E}.Release|iPhone.ActiveCfg = Release|Any CPU
		{4CE2C5F9-30AF-48EA-A611-18EFDAE8C14E}.Release|iPhone.Build.0 = Release|Any CPU
		{4CE2C5F9-30AF-48EA-A611-18EFDAE8C14E}.Release|iPhoneSimulator.ActiveCfg = Release|Any CPU
		{4CE2C5F9-30AF-48EA-A611-18EFDAE8C14E}.Release|iPhoneSimulator.Build.0 = Release|Any CPU
		{4CE2C5F9-30AF-48EA-A611-18EFDAE8C14E}.Release|x64.ActiveCfg = Release|Any CPU
		{4CE2C5F9-30AF-48EA-A611-18EFDAE8C14E}.Release|x64.Build.0 = Release|Any CPU
		{4CE2C5F9-30AF-48EA-A611-18EFDAE8C14E}.Release|x86.ActiveCfg = Release|Any CPU
		{4CE2C5F9-30AF-48EA-A611-18EFDAE8C14E}.Release|x86.Build.0 = Release|Any CPU
		{9E9B24F1-39EA-41A6-A8AA-371D403067CD}.Ad-Hoc|Any CPU.ActiveCfg = Debug|Any CPU
		{9E9B24F1-39EA-41A6-A8AA-371D403067CD}.Ad-Hoc|Any CPU.Build.0 = Debug|Any CPU
		{9E9B24F1-39EA-41A6-A8AA-371D403067CD}.Ad-Hoc|ARM.ActiveCfg = Debug|Any CPU
		{9E9B24F1-39EA-41A6-A8AA-371D403067CD}.Ad-Hoc|ARM.Build.0 = Debug|Any CPU
		{9E9B24F1-39EA-41A6-A8AA-371D403067CD}.Ad-Hoc|iPhone.ActiveCfg = Debug|Any CPU
		{9E9B24F1-39EA-41A6-A8AA-371D403067CD}.Ad-Hoc|iPhone.Build.0 = Debug|Any CPU
		{9E9B24F1-39EA-41A6-A8AA-371D403067CD}.Ad-Hoc|iPhoneSimulator.ActiveCfg = Debug|Any CPU
		{9E9B24F1-39EA-41A6-A8AA-371D403067CD}.Ad-Hoc|iPhoneSimulator.Build.0 = Debug|Any CPU
		{9E9B24F1-39EA-41A6-A8AA-371D403067CD}.Ad-Hoc|x64.ActiveCfg = Debug|Any CPU
		{9E9B24F1-39EA-41A6-A8AA-371D403067CD}.Ad-Hoc|x64.Build.0 = Debug|Any CPU
		{9E9B24F1-39EA-41A6-A8AA-371D403067CD}.Ad-Hoc|x86.ActiveCfg = Debug|Any CPU
		{9E9B24F1-39EA-41A6-A8AA-371D403067CD}.Ad-Hoc|x86.Build.0 = Debug|Any CPU
		{9E9B24F1-39EA-41A6-A8AA-371D403067CD}.AppStore|Any CPU.ActiveCfg = Debug|Any CPU
		{9E9B24F1-39EA-41A6-A8AA-371D403067CD}.AppStore|Any CPU.Build.0 = Debug|Any CPU
		{9E9B24F1-39EA-41A6-A8AA-371D403067CD}.AppStore|ARM.ActiveCfg = Debug|Any CPU
		{9E9B24F1-39EA-41A6-A8AA-371D403067CD}.AppStore|ARM.Build.0 = Debug|Any CPU
		{9E9B24F1-39EA-41A6-A8AA-371D403067CD}.AppStore|iPhone.ActiveCfg = Debug|Any CPU
		{9E9B24F1-39EA-41A6-A8AA-371D403067CD}.AppStore|iPhone.Build.0 = Debug|Any CPU
		{9E9B24F1-39EA-41A6-A8AA-371D403067CD}.AppStore|iPhoneSimulator.ActiveCfg = Debug|Any CPU
		{9E9B24F1-39EA-41A6-A8AA-371D403067CD}.AppStore|iPhoneSimulator.Build.0 = Debug|Any CPU
		{9E9B24F1-39EA-41A6-A8AA-371D403067CD}.AppStore|x64.ActiveCfg = Debug|Any CPU
		{9E9B24F1-39EA-41A6-A8AA-371D403067CD}.AppStore|x64.Build.0 = Debug|Any CPU
		{9E9B24F1-39EA-41A6-A8AA-371D403067CD}.AppStore|x86.ActiveCfg = Debug|Any CPU
		{9E9B24F1-39EA-41A6-A8AA-371D403067CD}.AppStore|x86.Build.0 = Debug|Any CPU
		{9E9B24F1-39EA-41A6-A8AA-371D403067CD}.Debug|Any CPU.ActiveCfg = Debug|Any CPU
		{9E9B24F1-39EA-41A6-A8AA-371D403067CD}.Debug|Any CPU.Build.0 = Debug|Any CPU
		{9E9B24F1-39EA-41A6-A8AA-371D403067CD}.Debug|ARM.ActiveCfg = Debug|Any CPU
		{9E9B24F1-39EA-41A6-A8AA-371D403067CD}.Debug|ARM.Build.0 = Debug|Any CPU
		{9E9B24F1-39EA-41A6-A8AA-371D403067CD}.Debug|iPhone.ActiveCfg = Debug|Any CPU
		{9E9B24F1-39EA-41A6-A8AA-371D403067CD}.Debug|iPhone.Build.0 = Debug|Any CPU
		{9E9B24F1-39EA-41A6-A8AA-371D403067CD}.Debug|iPhoneSimulator.ActiveCfg = Debug|Any CPU
		{9E9B24F1-39EA-41A6-A8AA-371D403067CD}.Debug|iPhoneSimulator.Build.0 = Debug|Any CPU
		{9E9B24F1-39EA-41A6-A8AA-371D403067CD}.Debug|x64.ActiveCfg = Debug|Any CPU
		{9E9B24F1-39EA-41A6-A8AA-371D403067CD}.Debug|x64.Build.0 = Debug|Any CPU
		{9E9B24F1-39EA-41A6-A8AA-371D403067CD}.Debug|x86.ActiveCfg = Debug|Any CPU
		{9E9B24F1-39EA-41A6-A8AA-371D403067CD}.Debug|x86.Build.0 = Debug|Any CPU
		{9E9B24F1-39EA-41A6-A8AA-371D403067CD}.Release|Any CPU.ActiveCfg = Release|Any CPU
		{9E9B24F1-39EA-41A6-A8AA-371D403067CD}.Release|Any CPU.Build.0 = Release|Any CPU
		{9E9B24F1-39EA-41A6-A8AA-371D403067CD}.Release|ARM.ActiveCfg = Release|Any CPU
		{9E9B24F1-39EA-41A6-A8AA-371D403067CD}.Release|ARM.Build.0 = Release|Any CPU
		{9E9B24F1-39EA-41A6-A8AA-371D403067CD}.Release|iPhone.ActiveCfg = Release|Any CPU
		{9E9B24F1-39EA-41A6-A8AA-371D403067CD}.Release|iPhone.Build.0 = Release|Any CPU
		{9E9B24F1-39EA-41A6-A8AA-371D403067CD}.Release|iPhoneSimulator.ActiveCfg = Release|Any CPU
		{9E9B24F1-39EA-41A6-A8AA-371D403067CD}.Release|iPhoneSimulator.Build.0 = Release|Any CPU
		{9E9B24F1-39EA-41A6-A8AA-371D403067CD}.Release|x64.ActiveCfg = Release|Any CPU
		{9E9B24F1-39EA-41A6-A8AA-371D403067CD}.Release|x64.Build.0 = Release|Any CPU
		{9E9B24F1-39EA-41A6-A8AA-371D403067CD}.Release|x86.ActiveCfg = Release|Any CPU
		{9E9B24F1-39EA-41A6-A8AA-371D403067CD}.Release|x86.Build.0 = Release|Any CPU
		{2F18FC0C-F637-470F-A8AB-E98E99204853}.Ad-Hoc|Any CPU.ActiveCfg = Debug|Any CPU
		{2F18FC0C-F637-470F-A8AB-E98E99204853}.Ad-Hoc|Any CPU.Build.0 = Debug|Any CPU
		{2F18FC0C-F637-470F-A8AB-E98E99204853}.Ad-Hoc|ARM.ActiveCfg = Debug|Any CPU
		{2F18FC0C-F637-470F-A8AB-E98E99204853}.Ad-Hoc|ARM.Build.0 = Debug|Any CPU
		{2F18FC0C-F637-470F-A8AB-E98E99204853}.Ad-Hoc|iPhone.ActiveCfg = Debug|Any CPU
		{2F18FC0C-F637-470F-A8AB-E98E99204853}.Ad-Hoc|iPhone.Build.0 = Debug|Any CPU
		{2F18FC0C-F637-470F-A8AB-E98E99204853}.Ad-Hoc|iPhoneSimulator.ActiveCfg = Debug|Any CPU
		{2F18FC0C-F637-470F-A8AB-E98E99204853}.Ad-Hoc|iPhoneSimulator.Build.0 = Debug|Any CPU
		{2F18FC0C-F637-470F-A8AB-E98E99204853}.Ad-Hoc|x64.ActiveCfg = Debug|Any CPU
		{2F18FC0C-F637-470F-A8AB-E98E99204853}.Ad-Hoc|x64.Build.0 = Debug|Any CPU
		{2F18FC0C-F637-470F-A8AB-E98E99204853}.Ad-Hoc|x86.ActiveCfg = Debug|Any CPU
		{2F18FC0C-F637-470F-A8AB-E98E99204853}.Ad-Hoc|x86.Build.0 = Debug|Any CPU
		{2F18FC0C-F637-470F-A8AB-E98E99204853}.AppStore|Any CPU.ActiveCfg = Debug|Any CPU
		{2F18FC0C-F637-470F-A8AB-E98E99204853}.AppStore|Any CPU.Build.0 = Debug|Any CPU
		{2F18FC0C-F637-470F-A8AB-E98E99204853}.AppStore|ARM.ActiveCfg = Debug|Any CPU
		{2F18FC0C-F637-470F-A8AB-E98E99204853}.AppStore|ARM.Build.0 = Debug|Any CPU
		{2F18FC0C-F637-470F-A8AB-E98E99204853}.AppStore|iPhone.ActiveCfg = Debug|Any CPU
		{2F18FC0C-F637-470F-A8AB-E98E99204853}.AppStore|iPhone.Build.0 = Debug|Any CPU
		{2F18FC0C-F637-470F-A8AB-E98E99204853}.AppStore|iPhoneSimulator.ActiveCfg = Debug|Any CPU
		{2F18FC0C-F637-470F-A8AB-E98E99204853}.AppStore|iPhoneSimulator.Build.0 = Debug|Any CPU
		{2F18FC0C-F637-470F-A8AB-E98E99204853}.AppStore|x64.ActiveCfg = Debug|Any CPU
		{2F18FC0C-F637-470F-A8AB-E98E99204853}.AppStore|x64.Build.0 = Debug|Any CPU
		{2F18FC0C-F637-470F-A8AB-E98E99204853}.AppStore|x86.ActiveCfg = Debug|Any CPU
		{2F18FC0C-F637-470F-A8AB-E98E99204853}.AppStore|x86.Build.0 = Debug|Any CPU
		{2F18FC0C-F637-470F-A8AB-E98E99204853}.Debug|Any CPU.ActiveCfg = Debug|Any CPU
		{2F18FC0C-F637-470F-A8AB-E98E99204853}.Debug|Any CPU.Build.0 = Debug|Any CPU
		{2F18FC0C-F637-470F-A8AB-E98E99204853}.Debug|ARM.ActiveCfg = Debug|Any CPU
		{2F18FC0C-F637-470F-A8AB-E98E99204853}.Debug|ARM.Build.0 = Debug|Any CPU
		{2F18FC0C-F637-470F-A8AB-E98E99204853}.Debug|iPhone.ActiveCfg = Debug|Any CPU
		{2F18FC0C-F637-470F-A8AB-E98E99204853}.Debug|iPhone.Build.0 = Debug|Any CPU
		{2F18FC0C-F637-470F-A8AB-E98E99204853}.Debug|iPhoneSimulator.ActiveCfg = Debug|Any CPU
		{2F18FC0C-F637-470F-A8AB-E98E99204853}.Debug|iPhoneSimulator.Build.0 = Debug|Any CPU
		{2F18FC0C-F637-470F-A8AB-E98E99204853}.Debug|x64.ActiveCfg = Debug|Any CPU
		{2F18FC0C-F637-470F-A8AB-E98E99204853}.Debug|x64.Build.0 = Debug|Any CPU
		{2F18FC0C-F637-470F-A8AB-E98E99204853}.Debug|x86.ActiveCfg = Debug|Any CPU
		{2F18FC0C-F637-470F-A8AB-E98E99204853}.Debug|x86.Build.0 = Debug|Any CPU
		{2F18FC0C-F637-470F-A8AB-E98E99204853}.Release|Any CPU.ActiveCfg = Release|Any CPU
		{2F18FC0C-F637-470F-A8AB-E98E99204853}.Release|Any CPU.Build.0 = Release|Any CPU
		{2F18FC0C-F637-470F-A8AB-E98E99204853}.Release|ARM.ActiveCfg = Release|Any CPU
		{2F18FC0C-F637-470F-A8AB-E98E99204853}.Release|ARM.Build.0 = Release|Any CPU
		{2F18FC0C-F637-470F-A8AB-E98E99204853}.Release|iPhone.ActiveCfg = Release|Any CPU
		{2F18FC0C-F637-470F-A8AB-E98E99204853}.Release|iPhone.Build.0 = Release|Any CPU
		{2F18FC0C-F637-470F-A8AB-E98E99204853}.Release|iPhoneSimulator.ActiveCfg = Release|Any CPU
		{2F18FC0C-F637-470F-A8AB-E98E99204853}.Release|iPhoneSimulator.Build.0 = Release|Any CPU
		{2F18FC0C-F637-470F-A8AB-E98E99204853}.Release|x64.ActiveCfg = Release|Any CPU
		{2F18FC0C-F637-470F-A8AB-E98E99204853}.Release|x64.Build.0 = Release|Any CPU
		{2F18FC0C-F637-470F-A8AB-E98E99204853}.Release|x86.ActiveCfg = Release|Any CPU
		{2F18FC0C-F637-470F-A8AB-E98E99204853}.Release|x86.Build.0 = Release|Any CPU
		{CD57D335-939B-4810-B791-118B99D83347}.Ad-Hoc|Any CPU.ActiveCfg = Debug|Any CPU
		{CD57D335-939B-4810-B791-118B99D83347}.Ad-Hoc|Any CPU.Build.0 = Debug|Any CPU
		{CD57D335-939B-4810-B791-118B99D83347}.Ad-Hoc|ARM.ActiveCfg = Debug|Any CPU
		{CD57D335-939B-4810-B791-118B99D83347}.Ad-Hoc|ARM.Build.0 = Debug|Any CPU
		{CD57D335-939B-4810-B791-118B99D83347}.Ad-Hoc|iPhone.ActiveCfg = Debug|Any CPU
		{CD57D335-939B-4810-B791-118B99D83347}.Ad-Hoc|iPhone.Build.0 = Debug|Any CPU
		{CD57D335-939B-4810-B791-118B99D83347}.Ad-Hoc|iPhoneSimulator.ActiveCfg = Debug|Any CPU
		{CD57D335-939B-4810-B791-118B99D83347}.Ad-Hoc|iPhoneSimulator.Build.0 = Debug|Any CPU
		{CD57D335-939B-4810-B791-118B99D83347}.Ad-Hoc|x64.ActiveCfg = Debug|Any CPU
		{CD57D335-939B-4810-B791-118B99D83347}.Ad-Hoc|x64.Build.0 = Debug|Any CPU
		{CD57D335-939B-4810-B791-118B99D83347}.Ad-Hoc|x86.ActiveCfg = Debug|Any CPU
		{CD57D335-939B-4810-B791-118B99D83347}.Ad-Hoc|x86.Build.0 = Debug|Any CPU
		{CD57D335-939B-4810-B791-118B99D83347}.AppStore|Any CPU.ActiveCfg = Debug|Any CPU
		{CD57D335-939B-4810-B791-118B99D83347}.AppStore|Any CPU.Build.0 = Debug|Any CPU
		{CD57D335-939B-4810-B791-118B99D83347}.AppStore|ARM.ActiveCfg = Debug|Any CPU
		{CD57D335-939B-4810-B791-118B99D83347}.AppStore|ARM.Build.0 = Debug|Any CPU
		{CD57D335-939B-4810-B791-118B99D83347}.AppStore|iPhone.ActiveCfg = Debug|Any CPU
		{CD57D335-939B-4810-B791-118B99D83347}.AppStore|iPhone.Build.0 = Debug|Any CPU
		{CD57D335-939B-4810-B791-118B99D83347}.AppStore|iPhoneSimulator.ActiveCfg = Debug|Any CPU
		{CD57D335-939B-4810-B791-118B99D83347}.AppStore|iPhoneSimulator.Build.0 = Debug|Any CPU
		{CD57D335-939B-4810-B791-118B99D83347}.AppStore|x64.ActiveCfg = Debug|Any CPU
		{CD57D335-939B-4810-B791-118B99D83347}.AppStore|x64.Build.0 = Debug|Any CPU
		{CD57D335-939B-4810-B791-118B99D83347}.AppStore|x86.ActiveCfg = Debug|Any CPU
		{CD57D335-939B-4810-B791-118B99D83347}.AppStore|x86.Build.0 = Debug|Any CPU
		{CD57D335-939B-4810-B791-118B99D83347}.Debug|Any CPU.ActiveCfg = Debug|Any CPU
		{CD57D335-939B-4810-B791-118B99D83347}.Debug|Any CPU.Build.0 = Debug|Any CPU
		{CD57D335-939B-4810-B791-118B99D83347}.Debug|ARM.ActiveCfg = Debug|Any CPU
		{CD57D335-939B-4810-B791-118B99D83347}.Debug|ARM.Build.0 = Debug|Any CPU
		{CD57D335-939B-4810-B791-118B99D83347}.Debug|iPhone.ActiveCfg = Debug|Any CPU
		{CD57D335-939B-4810-B791-118B99D83347}.Debug|iPhone.Build.0 = Debug|Any CPU
		{CD57D335-939B-4810-B791-118B99D83347}.Debug|iPhoneSimulator.ActiveCfg = Debug|Any CPU
		{CD57D335-939B-4810-B791-118B99D83347}.Debug|iPhoneSimulator.Build.0 = Debug|Any CPU
		{CD57D335-939B-4810-B791-118B99D83347}.Debug|x64.ActiveCfg = Debug|Any CPU
		{CD57D335-939B-4810-B791-118B99D83347}.Debug|x64.Build.0 = Debug|Any CPU
		{CD57D335-939B-4810-B791-118B99D83347}.Debug|x86.ActiveCfg = Debug|Any CPU
		{CD57D335-939B-4810-B791-118B99D83347}.Debug|x86.Build.0 = Debug|Any CPU
		{CD57D335-939B-4810-B791-118B99D83347}.Release|Any CPU.ActiveCfg = Release|Any CPU
		{CD57D335-939B-4810-B791-118B99D83347}.Release|Any CPU.Build.0 = Release|Any CPU
		{CD57D335-939B-4810-B791-118B99D83347}.Release|ARM.ActiveCfg = Release|Any CPU
		{CD57D335-939B-4810-B791-118B99D83347}.Release|ARM.Build.0 = Release|Any CPU
		{CD57D335-939B-4810-B791-118B99D83347}.Release|iPhone.ActiveCfg = Release|Any CPU
		{CD57D335-939B-4810-B791-118B99D83347}.Release|iPhone.Build.0 = Release|Any CPU
		{CD57D335-939B-4810-B791-118B99D83347}.Release|iPhoneSimulator.ActiveCfg = Release|Any CPU
		{CD57D335-939B-4810-B791-118B99D83347}.Release|iPhoneSimulator.Build.0 = Release|Any CPU
		{CD57D335-939B-4810-B791-118B99D83347}.Release|x64.ActiveCfg = Release|Any CPU
		{CD57D335-939B-4810-B791-118B99D83347}.Release|x64.Build.0 = Release|Any CPU
		{CD57D335-939B-4810-B791-118B99D83347}.Release|x86.ActiveCfg = Release|Any CPU
		{CD57D335-939B-4810-B791-118B99D83347}.Release|x86.Build.0 = Release|Any CPU
		{2EA529C7-5F20-409B-A506-67FBF13C2049}.Ad-Hoc|Any CPU.ActiveCfg = Debug|Any CPU
		{2EA529C7-5F20-409B-A506-67FBF13C2049}.Ad-Hoc|Any CPU.Build.0 = Debug|Any CPU
		{2EA529C7-5F20-409B-A506-67FBF13C2049}.Ad-Hoc|ARM.ActiveCfg = Debug|Any CPU
		{2EA529C7-5F20-409B-A506-67FBF13C2049}.Ad-Hoc|ARM.Build.0 = Debug|Any CPU
		{2EA529C7-5F20-409B-A506-67FBF13C2049}.Ad-Hoc|iPhone.ActiveCfg = Debug|Any CPU
		{2EA529C7-5F20-409B-A506-67FBF13C2049}.Ad-Hoc|iPhone.Build.0 = Debug|Any CPU
		{2EA529C7-5F20-409B-A506-67FBF13C2049}.Ad-Hoc|iPhoneSimulator.ActiveCfg = Debug|Any CPU
		{2EA529C7-5F20-409B-A506-67FBF13C2049}.Ad-Hoc|iPhoneSimulator.Build.0 = Debug|Any CPU
		{2EA529C7-5F20-409B-A506-67FBF13C2049}.Ad-Hoc|x64.ActiveCfg = Debug|Any CPU
		{2EA529C7-5F20-409B-A506-67FBF13C2049}.Ad-Hoc|x64.Build.0 = Debug|Any CPU
		{2EA529C7-5F20-409B-A506-67FBF13C2049}.Ad-Hoc|x86.ActiveCfg = Debug|Any CPU
		{2EA529C7-5F20-409B-A506-67FBF13C2049}.Ad-Hoc|x86.Build.0 = Debug|Any CPU
		{2EA529C7-5F20-409B-A506-67FBF13C2049}.AppStore|Any CPU.ActiveCfg = Debug|Any CPU
		{2EA529C7-5F20-409B-A506-67FBF13C2049}.AppStore|Any CPU.Build.0 = Debug|Any CPU
		{2EA529C7-5F20-409B-A506-67FBF13C2049}.AppStore|ARM.ActiveCfg = Debug|Any CPU
		{2EA529C7-5F20-409B-A506-67FBF13C2049}.AppStore|ARM.Build.0 = Debug|Any CPU
		{2EA529C7-5F20-409B-A506-67FBF13C2049}.AppStore|iPhone.ActiveCfg = Debug|Any CPU
		{2EA529C7-5F20-409B-A506-67FBF13C2049}.AppStore|iPhone.Build.0 = Debug|Any CPU
		{2EA529C7-5F20-409B-A506-67FBF13C2049}.AppStore|iPhoneSimulator.ActiveCfg = Debug|Any CPU
		{2EA529C7-5F20-409B-A506-67FBF13C2049}.AppStore|iPhoneSimulator.Build.0 = Debug|Any CPU
		{2EA529C7-5F20-409B-A506-67FBF13C2049}.AppStore|x64.ActiveCfg = Debug|Any CPU
		{2EA529C7-5F20-409B-A506-67FBF13C2049}.AppStore|x64.Build.0 = Debug|Any CPU
		{2EA529C7-5F20-409B-A506-67FBF13C2049}.AppStore|x86.ActiveCfg = Debug|Any CPU
		{2EA529C7-5F20-409B-A506-67FBF13C2049}.AppStore|x86.Build.0 = Debug|Any CPU
		{2EA529C7-5F20-409B-A506-67FBF13C2049}.Debug|Any CPU.ActiveCfg = Debug|Any CPU
		{2EA529C7-5F20-409B-A506-67FBF13C2049}.Debug|Any CPU.Build.0 = Debug|Any CPU
		{2EA529C7-5F20-409B-A506-67FBF13C2049}.Debug|ARM.ActiveCfg = Debug|Any CPU
		{2EA529C7-5F20-409B-A506-67FBF13C2049}.Debug|ARM.Build.0 = Debug|Any CPU
		{2EA529C7-5F20-409B-A506-67FBF13C2049}.Debug|iPhone.ActiveCfg = Debug|Any CPU
		{2EA529C7-5F20-409B-A506-67FBF13C2049}.Debug|iPhone.Build.0 = Debug|Any CPU
		{2EA529C7-5F20-409B-A506-67FBF13C2049}.Debug|iPhoneSimulator.ActiveCfg = Debug|Any CPU
		{2EA529C7-5F20-409B-A506-67FBF13C2049}.Debug|iPhoneSimulator.Build.0 = Debug|Any CPU
		{2EA529C7-5F20-409B-A506-67FBF13C2049}.Debug|x64.ActiveCfg = Debug|Any CPU
		{2EA529C7-5F20-409B-A506-67FBF13C2049}.Debug|x64.Build.0 = Debug|Any CPU
		{2EA529C7-5F20-409B-A506-67FBF13C2049}.Debug|x86.ActiveCfg = Debug|Any CPU
		{2EA529C7-5F20-409B-A506-67FBF13C2049}.Debug|x86.Build.0 = Debug|Any CPU
		{2EA529C7-5F20-409B-A506-67FBF13C2049}.Release|Any CPU.ActiveCfg = Release|Any CPU
		{2EA529C7-5F20-409B-A506-67FBF13C2049}.Release|Any CPU.Build.0 = Release|Any CPU
		{2EA529C7-5F20-409B-A506-67FBF13C2049}.Release|ARM.ActiveCfg = Release|Any CPU
		{2EA529C7-5F20-409B-A506-67FBF13C2049}.Release|ARM.Build.0 = Release|Any CPU
		{2EA529C7-5F20-409B-A506-67FBF13C2049}.Release|iPhone.ActiveCfg = Release|Any CPU
		{2EA529C7-5F20-409B-A506-67FBF13C2049}.Release|iPhone.Build.0 = Release|Any CPU
		{2EA529C7-5F20-409B-A506-67FBF13C2049}.Release|iPhoneSimulator.ActiveCfg = Release|Any CPU
		{2EA529C7-5F20-409B-A506-67FBF13C2049}.Release|iPhoneSimulator.Build.0 = Release|Any CPU
		{2EA529C7-5F20-409B-A506-67FBF13C2049}.Release|x64.ActiveCfg = Release|Any CPU
		{2EA529C7-5F20-409B-A506-67FBF13C2049}.Release|x64.Build.0 = Release|Any CPU
		{2EA529C7-5F20-409B-A506-67FBF13C2049}.Release|x86.ActiveCfg = Release|Any CPU
		{2EA529C7-5F20-409B-A506-67FBF13C2049}.Release|x86.Build.0 = Release|Any CPU
		{987D1551-4CA0-4024-BB8D-D07B03562493}.Ad-Hoc|Any CPU.ActiveCfg = Debug|Any CPU
		{987D1551-4CA0-4024-BB8D-D07B03562493}.Ad-Hoc|Any CPU.Build.0 = Debug|Any CPU
		{987D1551-4CA0-4024-BB8D-D07B03562493}.Ad-Hoc|ARM.ActiveCfg = Debug|Any CPU
		{987D1551-4CA0-4024-BB8D-D07B03562493}.Ad-Hoc|ARM.Build.0 = Debug|Any CPU
		{987D1551-4CA0-4024-BB8D-D07B03562493}.Ad-Hoc|iPhone.ActiveCfg = Debug|Any CPU
		{987D1551-4CA0-4024-BB8D-D07B03562493}.Ad-Hoc|iPhone.Build.0 = Debug|Any CPU
		{987D1551-4CA0-4024-BB8D-D07B03562493}.Ad-Hoc|iPhoneSimulator.ActiveCfg = Debug|Any CPU
		{987D1551-4CA0-4024-BB8D-D07B03562493}.Ad-Hoc|iPhoneSimulator.Build.0 = Debug|Any CPU
		{987D1551-4CA0-4024-BB8D-D07B03562493}.Ad-Hoc|x64.ActiveCfg = Debug|Any CPU
		{987D1551-4CA0-4024-BB8D-D07B03562493}.Ad-Hoc|x64.Build.0 = Debug|Any CPU
		{987D1551-4CA0-4024-BB8D-D07B03562493}.Ad-Hoc|x86.ActiveCfg = Debug|Any CPU
		{987D1551-4CA0-4024-BB8D-D07B03562493}.Ad-Hoc|x86.Build.0 = Debug|Any CPU
		{987D1551-4CA0-4024-BB8D-D07B03562493}.AppStore|Any CPU.ActiveCfg = Debug|Any CPU
		{987D1551-4CA0-4024-BB8D-D07B03562493}.AppStore|Any CPU.Build.0 = Debug|Any CPU
		{987D1551-4CA0-4024-BB8D-D07B03562493}.AppStore|ARM.ActiveCfg = Debug|Any CPU
		{987D1551-4CA0-4024-BB8D-D07B03562493}.AppStore|ARM.Build.0 = Debug|Any CPU
		{987D1551-4CA0-4024-BB8D-D07B03562493}.AppStore|iPhone.ActiveCfg = Debug|Any CPU
		{987D1551-4CA0-4024-BB8D-D07B03562493}.AppStore|iPhone.Build.0 = Debug|Any CPU
		{987D1551-4CA0-4024-BB8D-D07B03562493}.AppStore|iPhoneSimulator.ActiveCfg = Debug|Any CPU
		{987D1551-4CA0-4024-BB8D-D07B03562493}.AppStore|iPhoneSimulator.Build.0 = Debug|Any CPU
		{987D1551-4CA0-4024-BB8D-D07B03562493}.AppStore|x64.ActiveCfg = Debug|Any CPU
		{987D1551-4CA0-4024-BB8D-D07B03562493}.AppStore|x64.Build.0 = Debug|Any CPU
		{987D1551-4CA0-4024-BB8D-D07B03562493}.AppStore|x86.ActiveCfg = Debug|Any CPU
		{987D1551-4CA0-4024-BB8D-D07B03562493}.AppStore|x86.Build.0 = Debug|Any CPU
		{987D1551-4CA0-4024-BB8D-D07B03562493}.Debug|Any CPU.ActiveCfg = Debug|Any CPU
		{987D1551-4CA0-4024-BB8D-D07B03562493}.Debug|Any CPU.Build.0 = Debug|Any CPU
		{987D1551-4CA0-4024-BB8D-D07B03562493}.Debug|ARM.ActiveCfg = Debug|Any CPU
		{987D1551-4CA0-4024-BB8D-D07B03562493}.Debug|ARM.Build.0 = Debug|Any CPU
		{987D1551-4CA0-4024-BB8D-D07B03562493}.Debug|iPhone.ActiveCfg = Debug|Any CPU
		{987D1551-4CA0-4024-BB8D-D07B03562493}.Debug|iPhone.Build.0 = Debug|Any CPU
		{987D1551-4CA0-4024-BB8D-D07B03562493}.Debug|iPhoneSimulator.ActiveCfg = Debug|Any CPU
		{987D1551-4CA0-4024-BB8D-D07B03562493}.Debug|iPhoneSimulator.Build.0 = Debug|Any CPU
		{987D1551-4CA0-4024-BB8D-D07B03562493}.Debug|x64.ActiveCfg = Debug|Any CPU
		{987D1551-4CA0-4024-BB8D-D07B03562493}.Debug|x64.Build.0 = Debug|Any CPU
		{987D1551-4CA0-4024-BB8D-D07B03562493}.Debug|x86.ActiveCfg = Debug|Any CPU
		{987D1551-4CA0-4024-BB8D-D07B03562493}.Debug|x86.Build.0 = Debug|Any CPU
		{987D1551-4CA0-4024-BB8D-D07B03562493}.Release|Any CPU.ActiveCfg = Release|Any CPU
		{987D1551-4CA0-4024-BB8D-D07B03562493}.Release|Any CPU.Build.0 = Release|Any CPU
		{987D1551-4CA0-4024-BB8D-D07B03562493}.Release|ARM.ActiveCfg = Release|Any CPU
		{987D1551-4CA0-4024-BB8D-D07B03562493}.Release|ARM.Build.0 = Release|Any CPU
		{987D1551-4CA0-4024-BB8D-D07B03562493}.Release|iPhone.ActiveCfg = Release|Any CPU
		{987D1551-4CA0-4024-BB8D-D07B03562493}.Release|iPhone.Build.0 = Release|Any CPU
		{987D1551-4CA0-4024-BB8D-D07B03562493}.Release|iPhoneSimulator.ActiveCfg = Release|Any CPU
		{987D1551-4CA0-4024-BB8D-D07B03562493}.Release|iPhoneSimulator.Build.0 = Release|Any CPU
		{987D1551-4CA0-4024-BB8D-D07B03562493}.Release|x64.ActiveCfg = Release|Any CPU
		{987D1551-4CA0-4024-BB8D-D07B03562493}.Release|x64.Build.0 = Release|Any CPU
		{987D1551-4CA0-4024-BB8D-D07B03562493}.Release|x86.ActiveCfg = Release|Any CPU
		{987D1551-4CA0-4024-BB8D-D07B03562493}.Release|x86.Build.0 = Release|Any CPU
		{E6B22265-30E4-4275-8B21-599A15DF0FAF}.Ad-Hoc|Any CPU.ActiveCfg = Debug|Any CPU
		{E6B22265-30E4-4275-8B21-599A15DF0FAF}.Ad-Hoc|Any CPU.Build.0 = Debug|Any CPU
		{E6B22265-30E4-4275-8B21-599A15DF0FAF}.Ad-Hoc|ARM.ActiveCfg = Debug|Any CPU
		{E6B22265-30E4-4275-8B21-599A15DF0FAF}.Ad-Hoc|ARM.Build.0 = Debug|Any CPU
		{E6B22265-30E4-4275-8B21-599A15DF0FAF}.Ad-Hoc|iPhone.ActiveCfg = Debug|Any CPU
		{E6B22265-30E4-4275-8B21-599A15DF0FAF}.Ad-Hoc|iPhone.Build.0 = Debug|Any CPU
		{E6B22265-30E4-4275-8B21-599A15DF0FAF}.Ad-Hoc|iPhoneSimulator.ActiveCfg = Debug|Any CPU
		{E6B22265-30E4-4275-8B21-599A15DF0FAF}.Ad-Hoc|iPhoneSimulator.Build.0 = Debug|Any CPU
		{E6B22265-30E4-4275-8B21-599A15DF0FAF}.Ad-Hoc|x64.ActiveCfg = Debug|Any CPU
		{E6B22265-30E4-4275-8B21-599A15DF0FAF}.Ad-Hoc|x64.Build.0 = Debug|Any CPU
		{E6B22265-30E4-4275-8B21-599A15DF0FAF}.Ad-Hoc|x86.ActiveCfg = Debug|Any CPU
		{E6B22265-30E4-4275-8B21-599A15DF0FAF}.Ad-Hoc|x86.Build.0 = Debug|Any CPU
		{E6B22265-30E4-4275-8B21-599A15DF0FAF}.AppStore|Any CPU.ActiveCfg = Debug|Any CPU
		{E6B22265-30E4-4275-8B21-599A15DF0FAF}.AppStore|Any CPU.Build.0 = Debug|Any CPU
		{E6B22265-30E4-4275-8B21-599A15DF0FAF}.AppStore|ARM.ActiveCfg = Debug|Any CPU
		{E6B22265-30E4-4275-8B21-599A15DF0FAF}.AppStore|ARM.Build.0 = Debug|Any CPU
		{E6B22265-30E4-4275-8B21-599A15DF0FAF}.AppStore|iPhone.ActiveCfg = Debug|Any CPU
		{E6B22265-30E4-4275-8B21-599A15DF0FAF}.AppStore|iPhone.Build.0 = Debug|Any CPU
		{E6B22265-30E4-4275-8B21-599A15DF0FAF}.AppStore|iPhoneSimulator.ActiveCfg = Debug|Any CPU
		{E6B22265-30E4-4275-8B21-599A15DF0FAF}.AppStore|iPhoneSimulator.Build.0 = Debug|Any CPU
		{E6B22265-30E4-4275-8B21-599A15DF0FAF}.AppStore|x64.ActiveCfg = Debug|Any CPU
		{E6B22265-30E4-4275-8B21-599A15DF0FAF}.AppStore|x64.Build.0 = Debug|Any CPU
		{E6B22265-30E4-4275-8B21-599A15DF0FAF}.AppStore|x86.ActiveCfg = Debug|Any CPU
		{E6B22265-30E4-4275-8B21-599A15DF0FAF}.AppStore|x86.Build.0 = Debug|Any CPU
		{E6B22265-30E4-4275-8B21-599A15DF0FAF}.Debug|Any CPU.ActiveCfg = Debug|Any CPU
		{E6B22265-30E4-4275-8B21-599A15DF0FAF}.Debug|Any CPU.Build.0 = Debug|Any CPU
		{E6B22265-30E4-4275-8B21-599A15DF0FAF}.Debug|ARM.ActiveCfg = Debug|Any CPU
		{E6B22265-30E4-4275-8B21-599A15DF0FAF}.Debug|ARM.Build.0 = Debug|Any CPU
		{E6B22265-30E4-4275-8B21-599A15DF0FAF}.Debug|iPhone.ActiveCfg = Debug|Any CPU
		{E6B22265-30E4-4275-8B21-599A15DF0FAF}.Debug|iPhone.Build.0 = Debug|Any CPU
		{E6B22265-30E4-4275-8B21-599A15DF0FAF}.Debug|iPhoneSimulator.ActiveCfg = Debug|Any CPU
		{E6B22265-30E4-4275-8B21-599A15DF0FAF}.Debug|iPhoneSimulator.Build.0 = Debug|Any CPU
		{E6B22265-30E4-4275-8B21-599A15DF0FAF}.Debug|x64.ActiveCfg = Debug|Any CPU
		{E6B22265-30E4-4275-8B21-599A15DF0FAF}.Debug|x64.Build.0 = Debug|Any CPU
		{E6B22265-30E4-4275-8B21-599A15DF0FAF}.Debug|x86.ActiveCfg = Debug|Any CPU
		{E6B22265-30E4-4275-8B21-599A15DF0FAF}.Debug|x86.Build.0 = Debug|Any CPU
		{E6B22265-30E4-4275-8B21-599A15DF0FAF}.Release|Any CPU.ActiveCfg = Release|Any CPU
		{E6B22265-30E4-4275-8B21-599A15DF0FAF}.Release|Any CPU.Build.0 = Release|Any CPU
		{E6B22265-30E4-4275-8B21-599A15DF0FAF}.Release|ARM.ActiveCfg = Release|Any CPU
		{E6B22265-30E4-4275-8B21-599A15DF0FAF}.Release|ARM.Build.0 = Release|Any CPU
		{E6B22265-30E4-4275-8B21-599A15DF0FAF}.Release|iPhone.ActiveCfg = Release|Any CPU
		{E6B22265-30E4-4275-8B21-599A15DF0FAF}.Release|iPhone.Build.0 = Release|Any CPU
		{E6B22265-30E4-4275-8B21-599A15DF0FAF}.Release|iPhoneSimulator.ActiveCfg = Release|Any CPU
		{E6B22265-30E4-4275-8B21-599A15DF0FAF}.Release|iPhoneSimulator.Build.0 = Release|Any CPU
		{E6B22265-30E4-4275-8B21-599A15DF0FAF}.Release|x64.ActiveCfg = Release|Any CPU
		{E6B22265-30E4-4275-8B21-599A15DF0FAF}.Release|x64.Build.0 = Release|Any CPU
		{E6B22265-30E4-4275-8B21-599A15DF0FAF}.Release|x86.ActiveCfg = Release|Any CPU
		{E6B22265-30E4-4275-8B21-599A15DF0FAF}.Release|x86.Build.0 = Release|Any CPU
		{1A577C8C-6F67-4E1E-8FAF-482BCA7FD187}.Ad-Hoc|Any CPU.ActiveCfg = Debug|Any CPU
		{1A577C8C-6F67-4E1E-8FAF-482BCA7FD187}.Ad-Hoc|Any CPU.Build.0 = Debug|Any CPU
		{1A577C8C-6F67-4E1E-8FAF-482BCA7FD187}.Ad-Hoc|ARM.ActiveCfg = Debug|Any CPU
		{1A577C8C-6F67-4E1E-8FAF-482BCA7FD187}.Ad-Hoc|ARM.Build.0 = Debug|Any CPU
		{1A577C8C-6F67-4E1E-8FAF-482BCA7FD187}.Ad-Hoc|iPhone.ActiveCfg = Debug|Any CPU
		{1A577C8C-6F67-4E1E-8FAF-482BCA7FD187}.Ad-Hoc|iPhone.Build.0 = Debug|Any CPU
		{1A577C8C-6F67-4E1E-8FAF-482BCA7FD187}.Ad-Hoc|iPhoneSimulator.ActiveCfg = Debug|Any CPU
		{1A577C8C-6F67-4E1E-8FAF-482BCA7FD187}.Ad-Hoc|iPhoneSimulator.Build.0 = Debug|Any CPU
		{1A577C8C-6F67-4E1E-8FAF-482BCA7FD187}.Ad-Hoc|x64.ActiveCfg = Debug|Any CPU
		{1A577C8C-6F67-4E1E-8FAF-482BCA7FD187}.Ad-Hoc|x64.Build.0 = Debug|Any CPU
		{1A577C8C-6F67-4E1E-8FAF-482BCA7FD187}.Ad-Hoc|x86.ActiveCfg = Debug|Any CPU
		{1A577C8C-6F67-4E1E-8FAF-482BCA7FD187}.Ad-Hoc|x86.Build.0 = Debug|Any CPU
		{1A577C8C-6F67-4E1E-8FAF-482BCA7FD187}.AppStore|Any CPU.ActiveCfg = Debug|Any CPU
		{1A577C8C-6F67-4E1E-8FAF-482BCA7FD187}.AppStore|Any CPU.Build.0 = Debug|Any CPU
		{1A577C8C-6F67-4E1E-8FAF-482BCA7FD187}.AppStore|ARM.ActiveCfg = Debug|Any CPU
		{1A577C8C-6F67-4E1E-8FAF-482BCA7FD187}.AppStore|ARM.Build.0 = Debug|Any CPU
		{1A577C8C-6F67-4E1E-8FAF-482BCA7FD187}.AppStore|iPhone.ActiveCfg = Debug|Any CPU
		{1A577C8C-6F67-4E1E-8FAF-482BCA7FD187}.AppStore|iPhone.Build.0 = Debug|Any CPU
		{1A577C8C-6F67-4E1E-8FAF-482BCA7FD187}.AppStore|iPhoneSimulator.ActiveCfg = Debug|Any CPU
		{1A577C8C-6F67-4E1E-8FAF-482BCA7FD187}.AppStore|iPhoneSimulator.Build.0 = Debug|Any CPU
		{1A577C8C-6F67-4E1E-8FAF-482BCA7FD187}.AppStore|x64.ActiveCfg = Debug|Any CPU
		{1A577C8C-6F67-4E1E-8FAF-482BCA7FD187}.AppStore|x64.Build.0 = Debug|Any CPU
		{1A577C8C-6F67-4E1E-8FAF-482BCA7FD187}.AppStore|x86.ActiveCfg = Debug|Any CPU
		{1A577C8C-6F67-4E1E-8FAF-482BCA7FD187}.AppStore|x86.Build.0 = Debug|Any CPU
		{1A577C8C-6F67-4E1E-8FAF-482BCA7FD187}.Debug|Any CPU.ActiveCfg = Debug|Any CPU
		{1A577C8C-6F67-4E1E-8FAF-482BCA7FD187}.Debug|Any CPU.Build.0 = Debug|Any CPU
		{1A577C8C-6F67-4E1E-8FAF-482BCA7FD187}.Debug|ARM.ActiveCfg = Debug|Any CPU
		{1A577C8C-6F67-4E1E-8FAF-482BCA7FD187}.Debug|ARM.Build.0 = Debug|Any CPU
		{1A577C8C-6F67-4E1E-8FAF-482BCA7FD187}.Debug|iPhone.ActiveCfg = Debug|Any CPU
		{1A577C8C-6F67-4E1E-8FAF-482BCA7FD187}.Debug|iPhone.Build.0 = Debug|Any CPU
		{1A577C8C-6F67-4E1E-8FAF-482BCA7FD187}.Debug|iPhoneSimulator.ActiveCfg = Debug|Any CPU
		{1A577C8C-6F67-4E1E-8FAF-482BCA7FD187}.Debug|iPhoneSimulator.Build.0 = Debug|Any CPU
		{1A577C8C-6F67-4E1E-8FAF-482BCA7FD187}.Debug|x64.ActiveCfg = Debug|Any CPU
		{1A577C8C-6F67-4E1E-8FAF-482BCA7FD187}.Debug|x64.Build.0 = Debug|Any CPU
		{1A577C8C-6F67-4E1E-8FAF-482BCA7FD187}.Debug|x86.ActiveCfg = Debug|Any CPU
		{1A577C8C-6F67-4E1E-8FAF-482BCA7FD187}.Debug|x86.Build.0 = Debug|Any CPU
		{1A577C8C-6F67-4E1E-8FAF-482BCA7FD187}.Release|Any CPU.ActiveCfg = Release|Any CPU
		{1A577C8C-6F67-4E1E-8FAF-482BCA7FD187}.Release|Any CPU.Build.0 = Release|Any CPU
		{1A577C8C-6F67-4E1E-8FAF-482BCA7FD187}.Release|ARM.ActiveCfg = Release|Any CPU
		{1A577C8C-6F67-4E1E-8FAF-482BCA7FD187}.Release|ARM.Build.0 = Release|Any CPU
		{1A577C8C-6F67-4E1E-8FAF-482BCA7FD187}.Release|iPhone.ActiveCfg = Release|Any CPU
		{1A577C8C-6F67-4E1E-8FAF-482BCA7FD187}.Release|iPhone.Build.0 = Release|Any CPU
		{1A577C8C-6F67-4E1E-8FAF-482BCA7FD187}.Release|iPhoneSimulator.ActiveCfg = Release|Any CPU
		{1A577C8C-6F67-4E1E-8FAF-482BCA7FD187}.Release|iPhoneSimulator.Build.0 = Release|Any CPU
		{1A577C8C-6F67-4E1E-8FAF-482BCA7FD187}.Release|x64.ActiveCfg = Release|Any CPU
		{1A577C8C-6F67-4E1E-8FAF-482BCA7FD187}.Release|x64.Build.0 = Release|Any CPU
		{1A577C8C-6F67-4E1E-8FAF-482BCA7FD187}.Release|x86.ActiveCfg = Release|Any CPU
		{1A577C8C-6F67-4E1E-8FAF-482BCA7FD187}.Release|x86.Build.0 = Release|Any CPU
		{310AD14B-494A-4F5F-9342-D10FC8C0B3D8}.Ad-Hoc|Any CPU.ActiveCfg = Debug|Any CPU
		{310AD14B-494A-4F5F-9342-D10FC8C0B3D8}.Ad-Hoc|Any CPU.Build.0 = Debug|Any CPU
		{310AD14B-494A-4F5F-9342-D10FC8C0B3D8}.Ad-Hoc|ARM.ActiveCfg = Debug|Any CPU
		{310AD14B-494A-4F5F-9342-D10FC8C0B3D8}.Ad-Hoc|ARM.Build.0 = Debug|Any CPU
		{310AD14B-494A-4F5F-9342-D10FC8C0B3D8}.Ad-Hoc|iPhone.ActiveCfg = Debug|Any CPU
		{310AD14B-494A-4F5F-9342-D10FC8C0B3D8}.Ad-Hoc|iPhone.Build.0 = Debug|Any CPU
		{310AD14B-494A-4F5F-9342-D10FC8C0B3D8}.Ad-Hoc|iPhoneSimulator.ActiveCfg = Debug|Any CPU
		{310AD14B-494A-4F5F-9342-D10FC8C0B3D8}.Ad-Hoc|iPhoneSimulator.Build.0 = Debug|Any CPU
		{310AD14B-494A-4F5F-9342-D10FC8C0B3D8}.Ad-Hoc|x64.ActiveCfg = Debug|Any CPU
		{310AD14B-494A-4F5F-9342-D10FC8C0B3D8}.Ad-Hoc|x64.Build.0 = Debug|Any CPU
		{310AD14B-494A-4F5F-9342-D10FC8C0B3D8}.Ad-Hoc|x86.ActiveCfg = Debug|Any CPU
		{310AD14B-494A-4F5F-9342-D10FC8C0B3D8}.Ad-Hoc|x86.Build.0 = Debug|Any CPU
		{310AD14B-494A-4F5F-9342-D10FC8C0B3D8}.AppStore|Any CPU.ActiveCfg = Debug|Any CPU
		{310AD14B-494A-4F5F-9342-D10FC8C0B3D8}.AppStore|Any CPU.Build.0 = Debug|Any CPU
		{310AD14B-494A-4F5F-9342-D10FC8C0B3D8}.AppStore|ARM.ActiveCfg = Debug|Any CPU
		{310AD14B-494A-4F5F-9342-D10FC8C0B3D8}.AppStore|ARM.Build.0 = Debug|Any CPU
		{310AD14B-494A-4F5F-9342-D10FC8C0B3D8}.AppStore|iPhone.ActiveCfg = Debug|Any CPU
		{310AD14B-494A-4F5F-9342-D10FC8C0B3D8}.AppStore|iPhone.Build.0 = Debug|Any CPU
		{310AD14B-494A-4F5F-9342-D10FC8C0B3D8}.AppStore|iPhoneSimulator.ActiveCfg = Debug|Any CPU
		{310AD14B-494A-4F5F-9342-D10FC8C0B3D8}.AppStore|iPhoneSimulator.Build.0 = Debug|Any CPU
		{310AD14B-494A-4F5F-9342-D10FC8C0B3D8}.AppStore|x64.ActiveCfg = Debug|Any CPU
		{310AD14B-494A-4F5F-9342-D10FC8C0B3D8}.AppStore|x64.Build.0 = Debug|Any CPU
		{310AD14B-494A-4F5F-9342-D10FC8C0B3D8}.AppStore|x86.ActiveCfg = Debug|Any CPU
		{310AD14B-494A-4F5F-9342-D10FC8C0B3D8}.AppStore|x86.Build.0 = Debug|Any CPU
		{310AD14B-494A-4F5F-9342-D10FC8C0B3D8}.Debug|Any CPU.ActiveCfg = Debug|Any CPU
		{310AD14B-494A-4F5F-9342-D10FC8C0B3D8}.Debug|Any CPU.Build.0 = Debug|Any CPU
		{310AD14B-494A-4F5F-9342-D10FC8C0B3D8}.Debug|ARM.ActiveCfg = Debug|Any CPU
		{310AD14B-494A-4F5F-9342-D10FC8C0B3D8}.Debug|ARM.Build.0 = Debug|Any CPU
		{310AD14B-494A-4F5F-9342-D10FC8C0B3D8}.Debug|iPhone.ActiveCfg = Debug|Any CPU
		{310AD14B-494A-4F5F-9342-D10FC8C0B3D8}.Debug|iPhone.Build.0 = Debug|Any CPU
		{310AD14B-494A-4F5F-9342-D10FC8C0B3D8}.Debug|iPhoneSimulator.ActiveCfg = Debug|Any CPU
		{310AD14B-494A-4F5F-9342-D10FC8C0B3D8}.Debug|iPhoneSimulator.Build.0 = Debug|Any CPU
		{310AD14B-494A-4F5F-9342-D10FC8C0B3D8}.Debug|x64.ActiveCfg = Debug|Any CPU
		{310AD14B-494A-4F5F-9342-D10FC8C0B3D8}.Debug|x64.Build.0 = Debug|Any CPU
		{310AD14B-494A-4F5F-9342-D10FC8C0B3D8}.Debug|x86.ActiveCfg = Debug|Any CPU
		{310AD14B-494A-4F5F-9342-D10FC8C0B3D8}.Debug|x86.Build.0 = Debug|Any CPU
		{310AD14B-494A-4F5F-9342-D10FC8C0B3D8}.Release|Any CPU.ActiveCfg = Release|Any CPU
		{310AD14B-494A-4F5F-9342-D10FC8C0B3D8}.Release|Any CPU.Build.0 = Release|Any CPU
		{310AD14B-494A-4F5F-9342-D10FC8C0B3D8}.Release|ARM.ActiveCfg = Release|Any CPU
		{310AD14B-494A-4F5F-9342-D10FC8C0B3D8}.Release|ARM.Build.0 = Release|Any CPU
		{310AD14B-494A-4F5F-9342-D10FC8C0B3D8}.Release|iPhone.ActiveCfg = Release|Any CPU
		{310AD14B-494A-4F5F-9342-D10FC8C0B3D8}.Release|iPhone.Build.0 = Release|Any CPU
		{310AD14B-494A-4F5F-9342-D10FC8C0B3D8}.Release|iPhoneSimulator.ActiveCfg = Release|Any CPU
		{310AD14B-494A-4F5F-9342-D10FC8C0B3D8}.Release|iPhoneSimulator.Build.0 = Release|Any CPU
		{310AD14B-494A-4F5F-9342-D10FC8C0B3D8}.Release|x64.ActiveCfg = Release|Any CPU
		{310AD14B-494A-4F5F-9342-D10FC8C0B3D8}.Release|x64.Build.0 = Release|Any CPU
		{310AD14B-494A-4F5F-9342-D10FC8C0B3D8}.Release|x86.ActiveCfg = Release|Any CPU
		{310AD14B-494A-4F5F-9342-D10FC8C0B3D8}.Release|x86.Build.0 = Release|Any CPU
		{F81F59CF-098C-4B9F-9A28-267900F06C0B}.Ad-Hoc|Any CPU.ActiveCfg = Debug|Any CPU
		{F81F59CF-098C-4B9F-9A28-267900F06C0B}.Ad-Hoc|Any CPU.Build.0 = Debug|Any CPU
		{F81F59CF-098C-4B9F-9A28-267900F06C0B}.Ad-Hoc|ARM.ActiveCfg = Debug|Any CPU
		{F81F59CF-098C-4B9F-9A28-267900F06C0B}.Ad-Hoc|ARM.Build.0 = Debug|Any CPU
		{F81F59CF-098C-4B9F-9A28-267900F06C0B}.Ad-Hoc|iPhone.ActiveCfg = Debug|Any CPU
		{F81F59CF-098C-4B9F-9A28-267900F06C0B}.Ad-Hoc|iPhone.Build.0 = Debug|Any CPU
		{F81F59CF-098C-4B9F-9A28-267900F06C0B}.Ad-Hoc|iPhoneSimulator.ActiveCfg = Debug|Any CPU
		{F81F59CF-098C-4B9F-9A28-267900F06C0B}.Ad-Hoc|iPhoneSimulator.Build.0 = Debug|Any CPU
		{F81F59CF-098C-4B9F-9A28-267900F06C0B}.Ad-Hoc|x64.ActiveCfg = Debug|Any CPU
		{F81F59CF-098C-4B9F-9A28-267900F06C0B}.Ad-Hoc|x64.Build.0 = Debug|Any CPU
		{F81F59CF-098C-4B9F-9A28-267900F06C0B}.Ad-Hoc|x86.ActiveCfg = Debug|Any CPU
		{F81F59CF-098C-4B9F-9A28-267900F06C0B}.Ad-Hoc|x86.Build.0 = Debug|Any CPU
		{F81F59CF-098C-4B9F-9A28-267900F06C0B}.AppStore|Any CPU.ActiveCfg = Debug|Any CPU
		{F81F59CF-098C-4B9F-9A28-267900F06C0B}.AppStore|Any CPU.Build.0 = Debug|Any CPU
		{F81F59CF-098C-4B9F-9A28-267900F06C0B}.AppStore|ARM.ActiveCfg = Debug|Any CPU
		{F81F59CF-098C-4B9F-9A28-267900F06C0B}.AppStore|ARM.Build.0 = Debug|Any CPU
		{F81F59CF-098C-4B9F-9A28-267900F06C0B}.AppStore|iPhone.ActiveCfg = Debug|Any CPU
		{F81F59CF-098C-4B9F-9A28-267900F06C0B}.AppStore|iPhone.Build.0 = Debug|Any CPU
		{F81F59CF-098C-4B9F-9A28-267900F06C0B}.AppStore|iPhoneSimulator.ActiveCfg = Debug|Any CPU
		{F81F59CF-098C-4B9F-9A28-267900F06C0B}.AppStore|iPhoneSimulator.Build.0 = Debug|Any CPU
		{F81F59CF-098C-4B9F-9A28-267900F06C0B}.AppStore|x64.ActiveCfg = Debug|Any CPU
		{F81F59CF-098C-4B9F-9A28-267900F06C0B}.AppStore|x64.Build.0 = Debug|Any CPU
		{F81F59CF-098C-4B9F-9A28-267900F06C0B}.AppStore|x86.ActiveCfg = Debug|Any CPU
		{F81F59CF-098C-4B9F-9A28-267900F06C0B}.AppStore|x86.Build.0 = Debug|Any CPU
		{F81F59CF-098C-4B9F-9A28-267900F06C0B}.Debug|Any CPU.ActiveCfg = Debug|Any CPU
		{F81F59CF-098C-4B9F-9A28-267900F06C0B}.Debug|Any CPU.Build.0 = Debug|Any CPU
		{F81F59CF-098C-4B9F-9A28-267900F06C0B}.Debug|ARM.ActiveCfg = Debug|Any CPU
		{F81F59CF-098C-4B9F-9A28-267900F06C0B}.Debug|ARM.Build.0 = Debug|Any CPU
		{F81F59CF-098C-4B9F-9A28-267900F06C0B}.Debug|iPhone.ActiveCfg = Debug|Any CPU
		{F81F59CF-098C-4B9F-9A28-267900F06C0B}.Debug|iPhone.Build.0 = Debug|Any CPU
		{F81F59CF-098C-4B9F-9A28-267900F06C0B}.Debug|iPhoneSimulator.ActiveCfg = Debug|Any CPU
		{F81F59CF-098C-4B9F-9A28-267900F06C0B}.Debug|iPhoneSimulator.Build.0 = Debug|Any CPU
		{F81F59CF-098C-4B9F-9A28-267900F06C0B}.Debug|x64.ActiveCfg = Debug|Any CPU
		{F81F59CF-098C-4B9F-9A28-267900F06C0B}.Debug|x64.Build.0 = Debug|Any CPU
		{F81F59CF-098C-4B9F-9A28-267900F06C0B}.Debug|x86.ActiveCfg = Debug|Any CPU
		{F81F59CF-098C-4B9F-9A28-267900F06C0B}.Debug|x86.Build.0 = Debug|Any CPU
		{F81F59CF-098C-4B9F-9A28-267900F06C0B}.Release|Any CPU.ActiveCfg = Release|Any CPU
		{F81F59CF-098C-4B9F-9A28-267900F06C0B}.Release|Any CPU.Build.0 = Release|Any CPU
		{F81F59CF-098C-4B9F-9A28-267900F06C0B}.Release|ARM.ActiveCfg = Release|Any CPU
		{F81F59CF-098C-4B9F-9A28-267900F06C0B}.Release|ARM.Build.0 = Release|Any CPU
		{F81F59CF-098C-4B9F-9A28-267900F06C0B}.Release|iPhone.ActiveCfg = Release|Any CPU
		{F81F59CF-098C-4B9F-9A28-267900F06C0B}.Release|iPhone.Build.0 = Release|Any CPU
		{F81F59CF-098C-4B9F-9A28-267900F06C0B}.Release|iPhoneSimulator.ActiveCfg = Release|Any CPU
		{F81F59CF-098C-4B9F-9A28-267900F06C0B}.Release|iPhoneSimulator.Build.0 = Release|Any CPU
		{F81F59CF-098C-4B9F-9A28-267900F06C0B}.Release|x64.ActiveCfg = Release|Any CPU
		{F81F59CF-098C-4B9F-9A28-267900F06C0B}.Release|x64.Build.0 = Release|Any CPU
		{F81F59CF-098C-4B9F-9A28-267900F06C0B}.Release|x86.ActiveCfg = Release|Any CPU
		{F81F59CF-098C-4B9F-9A28-267900F06C0B}.Release|x86.Build.0 = Release|Any CPU
		{CBA3473D-8284-4E65-85F7-EE86C454BDB2}.Ad-Hoc|Any CPU.ActiveCfg = Release|x86
		{CBA3473D-8284-4E65-85F7-EE86C454BDB2}.Ad-Hoc|Any CPU.Build.0 = Release|x86
		{CBA3473D-8284-4E65-85F7-EE86C454BDB2}.Ad-Hoc|Any CPU.Deploy.0 = Release|x86
		{CBA3473D-8284-4E65-85F7-EE86C454BDB2}.Ad-Hoc|ARM.ActiveCfg = Release|ARM
		{CBA3473D-8284-4E65-85F7-EE86C454BDB2}.Ad-Hoc|ARM.Build.0 = Release|ARM
		{CBA3473D-8284-4E65-85F7-EE86C454BDB2}.Ad-Hoc|ARM.Deploy.0 = Release|ARM
		{CBA3473D-8284-4E65-85F7-EE86C454BDB2}.Ad-Hoc|iPhone.ActiveCfg = Release|x86
		{CBA3473D-8284-4E65-85F7-EE86C454BDB2}.Ad-Hoc|iPhone.Build.0 = Release|x86
		{CBA3473D-8284-4E65-85F7-EE86C454BDB2}.Ad-Hoc|iPhone.Deploy.0 = Release|x86
		{CBA3473D-8284-4E65-85F7-EE86C454BDB2}.Ad-Hoc|iPhoneSimulator.ActiveCfg = Release|x86
		{CBA3473D-8284-4E65-85F7-EE86C454BDB2}.Ad-Hoc|iPhoneSimulator.Build.0 = Release|x86
		{CBA3473D-8284-4E65-85F7-EE86C454BDB2}.Ad-Hoc|iPhoneSimulator.Deploy.0 = Release|x86
		{CBA3473D-8284-4E65-85F7-EE86C454BDB2}.Ad-Hoc|x64.ActiveCfg = Release|x64
		{CBA3473D-8284-4E65-85F7-EE86C454BDB2}.Ad-Hoc|x64.Build.0 = Release|x64
		{CBA3473D-8284-4E65-85F7-EE86C454BDB2}.Ad-Hoc|x64.Deploy.0 = Release|x64
		{CBA3473D-8284-4E65-85F7-EE86C454BDB2}.Ad-Hoc|x86.ActiveCfg = Release|x86
		{CBA3473D-8284-4E65-85F7-EE86C454BDB2}.Ad-Hoc|x86.Build.0 = Release|x86
		{CBA3473D-8284-4E65-85F7-EE86C454BDB2}.Ad-Hoc|x86.Deploy.0 = Release|x86
		{CBA3473D-8284-4E65-85F7-EE86C454BDB2}.AppStore|Any CPU.ActiveCfg = Release|x86
		{CBA3473D-8284-4E65-85F7-EE86C454BDB2}.AppStore|Any CPU.Build.0 = Release|x86
		{CBA3473D-8284-4E65-85F7-EE86C454BDB2}.AppStore|Any CPU.Deploy.0 = Release|x86
		{CBA3473D-8284-4E65-85F7-EE86C454BDB2}.AppStore|ARM.ActiveCfg = Release|ARM
		{CBA3473D-8284-4E65-85F7-EE86C454BDB2}.AppStore|ARM.Build.0 = Release|ARM
		{CBA3473D-8284-4E65-85F7-EE86C454BDB2}.AppStore|ARM.Deploy.0 = Release|ARM
		{CBA3473D-8284-4E65-85F7-EE86C454BDB2}.AppStore|iPhone.ActiveCfg = Release|x86
		{CBA3473D-8284-4E65-85F7-EE86C454BDB2}.AppStore|iPhone.Build.0 = Release|x86
		{CBA3473D-8284-4E65-85F7-EE86C454BDB2}.AppStore|iPhone.Deploy.0 = Release|x86
		{CBA3473D-8284-4E65-85F7-EE86C454BDB2}.AppStore|iPhoneSimulator.ActiveCfg = Release|x86
		{CBA3473D-8284-4E65-85F7-EE86C454BDB2}.AppStore|iPhoneSimulator.Build.0 = Release|x86
		{CBA3473D-8284-4E65-85F7-EE86C454BDB2}.AppStore|iPhoneSimulator.Deploy.0 = Release|x86
		{CBA3473D-8284-4E65-85F7-EE86C454BDB2}.AppStore|x64.ActiveCfg = Release|x64
		{CBA3473D-8284-4E65-85F7-EE86C454BDB2}.AppStore|x64.Build.0 = Release|x64
		{CBA3473D-8284-4E65-85F7-EE86C454BDB2}.AppStore|x64.Deploy.0 = Release|x64
		{CBA3473D-8284-4E65-85F7-EE86C454BDB2}.AppStore|x86.ActiveCfg = Release|x86
		{CBA3473D-8284-4E65-85F7-EE86C454BDB2}.AppStore|x86.Build.0 = Release|x86
		{CBA3473D-8284-4E65-85F7-EE86C454BDB2}.AppStore|x86.Deploy.0 = Release|x86
		{CBA3473D-8284-4E65-85F7-EE86C454BDB2}.Debug|Any CPU.ActiveCfg = Debug|x86
		{CBA3473D-8284-4E65-85F7-EE86C454BDB2}.Debug|ARM.ActiveCfg = Debug|ARM
		{CBA3473D-8284-4E65-85F7-EE86C454BDB2}.Debug|ARM.Build.0 = Debug|ARM
		{CBA3473D-8284-4E65-85F7-EE86C454BDB2}.Debug|ARM.Deploy.0 = Debug|ARM
		{CBA3473D-8284-4E65-85F7-EE86C454BDB2}.Debug|iPhone.ActiveCfg = Debug|x86
		{CBA3473D-8284-4E65-85F7-EE86C454BDB2}.Debug|iPhoneSimulator.ActiveCfg = Debug|x86
		{CBA3473D-8284-4E65-85F7-EE86C454BDB2}.Debug|x64.ActiveCfg = Debug|x64
		{CBA3473D-8284-4E65-85F7-EE86C454BDB2}.Debug|x64.Build.0 = Debug|x64
		{CBA3473D-8284-4E65-85F7-EE86C454BDB2}.Debug|x64.Deploy.0 = Debug|x64
		{CBA3473D-8284-4E65-85F7-EE86C454BDB2}.Debug|x86.ActiveCfg = Debug|x86
		{CBA3473D-8284-4E65-85F7-EE86C454BDB2}.Debug|x86.Build.0 = Debug|x86
		{CBA3473D-8284-4E65-85F7-EE86C454BDB2}.Debug|x86.Deploy.0 = Debug|x86
		{CBA3473D-8284-4E65-85F7-EE86C454BDB2}.Release|Any CPU.ActiveCfg = Release|x86
		{CBA3473D-8284-4E65-85F7-EE86C454BDB2}.Release|ARM.ActiveCfg = Release|ARM
		{CBA3473D-8284-4E65-85F7-EE86C454BDB2}.Release|ARM.Build.0 = Release|ARM
		{CBA3473D-8284-4E65-85F7-EE86C454BDB2}.Release|ARM.Deploy.0 = Release|ARM
		{CBA3473D-8284-4E65-85F7-EE86C454BDB2}.Release|iPhone.ActiveCfg = Release|x86
		{CBA3473D-8284-4E65-85F7-EE86C454BDB2}.Release|iPhoneSimulator.ActiveCfg = Release|x86
		{CBA3473D-8284-4E65-85F7-EE86C454BDB2}.Release|x64.ActiveCfg = Release|x64
		{CBA3473D-8284-4E65-85F7-EE86C454BDB2}.Release|x64.Build.0 = Release|x64
		{CBA3473D-8284-4E65-85F7-EE86C454BDB2}.Release|x64.Deploy.0 = Release|x64
		{CBA3473D-8284-4E65-85F7-EE86C454BDB2}.Release|x86.ActiveCfg = Release|x86
		{CBA3473D-8284-4E65-85F7-EE86C454BDB2}.Release|x86.Build.0 = Release|x86
		{CBA3473D-8284-4E65-85F7-EE86C454BDB2}.Release|x86.Deploy.0 = Release|x86
		{54BA3A95-9DB0-47DD-A77B-31EE230FBDE2}.Ad-Hoc|Any CPU.ActiveCfg = Debug|Any CPU
		{54BA3A95-9DB0-47DD-A77B-31EE230FBDE2}.Ad-Hoc|Any CPU.Build.0 = Debug|Any CPU
		{54BA3A95-9DB0-47DD-A77B-31EE230FBDE2}.Ad-Hoc|ARM.ActiveCfg = Debug|Any CPU
		{54BA3A95-9DB0-47DD-A77B-31EE230FBDE2}.Ad-Hoc|ARM.Build.0 = Debug|Any CPU
		{54BA3A95-9DB0-47DD-A77B-31EE230FBDE2}.Ad-Hoc|iPhone.ActiveCfg = Debug|Any CPU
		{54BA3A95-9DB0-47DD-A77B-31EE230FBDE2}.Ad-Hoc|iPhone.Build.0 = Debug|Any CPU
		{54BA3A95-9DB0-47DD-A77B-31EE230FBDE2}.Ad-Hoc|iPhoneSimulator.ActiveCfg = Debug|Any CPU
		{54BA3A95-9DB0-47DD-A77B-31EE230FBDE2}.Ad-Hoc|iPhoneSimulator.Build.0 = Debug|Any CPU
		{54BA3A95-9DB0-47DD-A77B-31EE230FBDE2}.Ad-Hoc|x64.ActiveCfg = Debug|Any CPU
		{54BA3A95-9DB0-47DD-A77B-31EE230FBDE2}.Ad-Hoc|x64.Build.0 = Debug|Any CPU
		{54BA3A95-9DB0-47DD-A77B-31EE230FBDE2}.Ad-Hoc|x86.ActiveCfg = Debug|Any CPU
		{54BA3A95-9DB0-47DD-A77B-31EE230FBDE2}.Ad-Hoc|x86.Build.0 = Debug|Any CPU
		{54BA3A95-9DB0-47DD-A77B-31EE230FBDE2}.AppStore|Any CPU.ActiveCfg = Debug|Any CPU
		{54BA3A95-9DB0-47DD-A77B-31EE230FBDE2}.AppStore|Any CPU.Build.0 = Debug|Any CPU
		{54BA3A95-9DB0-47DD-A77B-31EE230FBDE2}.AppStore|ARM.ActiveCfg = Debug|Any CPU
		{54BA3A95-9DB0-47DD-A77B-31EE230FBDE2}.AppStore|ARM.Build.0 = Debug|Any CPU
		{54BA3A95-9DB0-47DD-A77B-31EE230FBDE2}.AppStore|iPhone.ActiveCfg = Debug|Any CPU
		{54BA3A95-9DB0-47DD-A77B-31EE230FBDE2}.AppStore|iPhone.Build.0 = Debug|Any CPU
		{54BA3A95-9DB0-47DD-A77B-31EE230FBDE2}.AppStore|iPhoneSimulator.ActiveCfg = Debug|Any CPU
		{54BA3A95-9DB0-47DD-A77B-31EE230FBDE2}.AppStore|iPhoneSimulator.Build.0 = Debug|Any CPU
		{54BA3A95-9DB0-47DD-A77B-31EE230FBDE2}.AppStore|x64.ActiveCfg = Debug|Any CPU
		{54BA3A95-9DB0-47DD-A77B-31EE230FBDE2}.AppStore|x64.Build.0 = Debug|Any CPU
		{54BA3A95-9DB0-47DD-A77B-31EE230FBDE2}.AppStore|x86.ActiveCfg = Debug|Any CPU
		{54BA3A95-9DB0-47DD-A77B-31EE230FBDE2}.AppStore|x86.Build.0 = Debug|Any CPU
		{54BA3A95-9DB0-47DD-A77B-31EE230FBDE2}.Debug|Any CPU.ActiveCfg = Debug|Any CPU
		{54BA3A95-9DB0-47DD-A77B-31EE230FBDE2}.Debug|Any CPU.Build.0 = Debug|Any CPU
		{54BA3A95-9DB0-47DD-A77B-31EE230FBDE2}.Debug|ARM.ActiveCfg = Debug|Any CPU
		{54BA3A95-9DB0-47DD-A77B-31EE230FBDE2}.Debug|ARM.Build.0 = Debug|Any CPU
		{54BA3A95-9DB0-47DD-A77B-31EE230FBDE2}.Debug|iPhone.ActiveCfg = Debug|Any CPU
		{54BA3A95-9DB0-47DD-A77B-31EE230FBDE2}.Debug|iPhone.Build.0 = Debug|Any CPU
		{54BA3A95-9DB0-47DD-A77B-31EE230FBDE2}.Debug|iPhoneSimulator.ActiveCfg = Debug|Any CPU
		{54BA3A95-9DB0-47DD-A77B-31EE230FBDE2}.Debug|iPhoneSimulator.Build.0 = Debug|Any CPU
		{54BA3A95-9DB0-47DD-A77B-31EE230FBDE2}.Debug|x64.ActiveCfg = Debug|Any CPU
		{54BA3A95-9DB0-47DD-A77B-31EE230FBDE2}.Debug|x64.Build.0 = Debug|Any CPU
		{54BA3A95-9DB0-47DD-A77B-31EE230FBDE2}.Debug|x86.ActiveCfg = Debug|Any CPU
		{54BA3A95-9DB0-47DD-A77B-31EE230FBDE2}.Debug|x86.Build.0 = Debug|Any CPU
		{54BA3A95-9DB0-47DD-A77B-31EE230FBDE2}.Release|Any CPU.ActiveCfg = Release|Any CPU
		{54BA3A95-9DB0-47DD-A77B-31EE230FBDE2}.Release|Any CPU.Build.0 = Release|Any CPU
		{54BA3A95-9DB0-47DD-A77B-31EE230FBDE2}.Release|ARM.ActiveCfg = Release|Any CPU
		{54BA3A95-9DB0-47DD-A77B-31EE230FBDE2}.Release|ARM.Build.0 = Release|Any CPU
		{54BA3A95-9DB0-47DD-A77B-31EE230FBDE2}.Release|iPhone.ActiveCfg = Release|Any CPU
		{54BA3A95-9DB0-47DD-A77B-31EE230FBDE2}.Release|iPhone.Build.0 = Release|Any CPU
		{54BA3A95-9DB0-47DD-A77B-31EE230FBDE2}.Release|iPhoneSimulator.ActiveCfg = Release|Any CPU
		{54BA3A95-9DB0-47DD-A77B-31EE230FBDE2}.Release|iPhoneSimulator.Build.0 = Release|Any CPU
		{54BA3A95-9DB0-47DD-A77B-31EE230FBDE2}.Release|x64.ActiveCfg = Release|Any CPU
		{54BA3A95-9DB0-47DD-A77B-31EE230FBDE2}.Release|x64.Build.0 = Release|Any CPU
		{54BA3A95-9DB0-47DD-A77B-31EE230FBDE2}.Release|x86.ActiveCfg = Release|Any CPU
		{54BA3A95-9DB0-47DD-A77B-31EE230FBDE2}.Release|x86.Build.0 = Release|Any CPU
	EndGlobalSection
	GlobalSection(SolutionProperties) = preSolution
		HideSolutionNode = FALSE
	EndGlobalSection
	GlobalSection(NestedProjects) = preSolution
		{3A277533-AB02-4F40-B455-1F9586A90FAD} = {08AE4E7C-EFB1-4B22-8245-31BED846B82A}
		{4CE2C5F9-30AF-48EA-A611-18EFDAE8C14E} = {17F32F73-6422-462F-99C9-E5E5863E78D8}
		{9E9B24F1-39EA-41A6-A8AA-371D403067CD} = {17F32F73-6422-462F-99C9-E5E5863E78D8}
		{2F18FC0C-F637-470F-A8AB-E98E99204853} = {17F32F73-6422-462F-99C9-E5E5863E78D8}
		{CD57D335-939B-4810-B791-118B99D83347} = {17F32F73-6422-462F-99C9-E5E5863E78D8}
		{2EA529C7-5F20-409B-A506-67FBF13C2049} = {17F32F73-6422-462F-99C9-E5E5863E78D8}
		{987D1551-4CA0-4024-BB8D-D07B03562493} = {17F32F73-6422-462F-99C9-E5E5863E78D8}
		{E6B22265-30E4-4275-8B21-599A15DF0FAF} = {E3A167D6-5BC3-4C57-AF4D-8A29F31A9C25}
		{08AE4E7C-EFB1-4B22-8245-31BED846B82A} = {17F32F73-6422-462F-99C9-E5E5863E78D8}
		{1A577C8C-6F67-4E1E-8FAF-482BCA7FD187} = {E3A167D6-5BC3-4C57-AF4D-8A29F31A9C25}
		{310AD14B-494A-4F5F-9342-D10FC8C0B3D8} = {7188F926-C6E4-422C-BA10-80D8FF9C30C4}
		{F81F59CF-098C-4B9F-9A28-267900F06C0B} = {08AE4E7C-EFB1-4B22-8245-31BED846B82A}
		{CBA3473D-8284-4E65-85F7-EE86C454BDB2} = {08AE4E7C-EFB1-4B22-8245-31BED846B82A}
		{54BA3A95-9DB0-47DD-A77B-31EE230FBDE2} = {7188F926-C6E4-422C-BA10-80D8FF9C30C4}
	EndGlobalSection
	GlobalSection(ExtensibilityGlobals) = postSolution
		SolutionGuid = {8CE2CA6A-57D4-4BDF-8698-D2E53A47D4B4}
	EndGlobalSection
EndGlobal
